
Microsoft Visual Studio Solution File, Format Version 12.00
# Visual Studio 15
VisualStudioVersion = 15.0.28307.489
MinimumVisualStudioVersion = 10.0.40219.1
Project("{8BC9CEB8-8B4A-11D0-8D11-00A0C91BC942}") = "Client_tcp_obj", "Client_tcp_obj\Client_tcp_obj.vcxproj", "{A461C612-6ED6-49D6-A7E4-A1E94523A2CA}"
EndProject
Global
	GlobalSection(SolutionConfigurationPlatforms) = preSolution
		Debug|x64 = Debug|x64
		Debug|x86 = Debug|x86
		Release|x64 = Release|x64
		Release|x86 = Release|x86
	EndGlobalSection
	GlobalSection(ProjectConfigurationPlatforms) = postSolution
		{A461C612-6ED6-49D6-A7E4-A1E94523A2CA}.Debug|x64.ActiveCfg = Debug|x64
		{A461C612-6ED6-49D6-A7E4-A1E94523A2CA}.Debug|x64.Build.0 = Debug|x64
		{A461C612-6ED6-49D6-A7E4-A1E94523A2CA}.Debug|x86.ActiveCfg = Debug|Win32
		{A461C612-6ED6-49D6-A7E4-A1E94523A2CA}.Debug|x86.Build.0 = Debug|Win32
		{A461C612-6ED6-49D6-A7E4-A1E94523A2CA}.Release|x64.ActiveCfg = Release|x64
		{A461C612-6ED6-49D6-A7E4-A1E94523A2CA}.Release|x64.Build.0 = Release|x64
		{A461C612-6ED6-49D6-A7E4-A1E94523A2CA}.Release|x86.ActiveCfg = Release|Win32
		{A461C612-6ED6-49D6-A7E4-A1E94523A2CA}.Release|x86.Build.0 = Release|Win32
	EndGlobalSection
	GlobalSection(SolutionProperties) = preSolution
		HideSolutionNode = FALSE
	EndGlobalSection
	GlobalSection(ExtensibilityGlobals) = postSolution
		SolutionGuid = {636D4BEF-E807-47E1-9C17-5B44EF401D1F}
	EndGlobalSection
EndGlobal
